
Microsoft Visual Studio Solution File, Format Version 12.00
# Visual Studio Version 17
VisualStudioVersion = 17.7.34221.43
MinimumVisualStudioVersion = 10.0.40219.1
Project("{888888A0-9F3D-457C-B088-3A5042F75D52}") = "TomSamAutobot", "TomSamAutobot.pyproj", "{25C4CCBB-F210-4065-8CD7-D8EFEEC53255}"
EndProject
Global
	GlobalSection(SolutionConfigurationPlatforms) = preSolution
		Debug|Any CPU = Debug|Any CPU
		Release|Any CPU = Release|Any CPU
	EndGlobalSection
	GlobalSection(ProjectConfigurationPlatforms) = postSolution
		{25C4CCBB-F210-4065-8CD7-D8EFEEC53255}.Debug|Any CPU.ActiveCfg = Debug|Any CPU
		{25C4CCBB-F210-4065-8CD7-D8EFEEC53255}.Release|Any CPU.ActiveCfg = Release|Any CPU
	EndGlobalSection
	GlobalSection(SolutionProperties) = preSolution
		HideSolutionNode = FALSE
	EndGlobalSection
	GlobalSection(ExtensibilityGlobals) = postSolution
		SolutionGuid = {99F4DDE0-C5F0-4B22-8845-689C7C5E38B2}
	EndGlobalSection
EndGlobal
